
Microsoft Visual Studio Solution File, Format Version 12.00
# Visual Studio Version 16
VisualStudioVersion = 16.0.31613.86
MinimumVisualStudioVersion = 10.0.40219.1
Project("{FAE04EC0-301F-11D3-BF4B-00C04F79EFBC}") = "TestService", "TestService\TestService.csproj", "{F579B2FD-5D79-4049-91A8-6CABFA60DB24}"
EndProject
Global
	GlobalSection(SolutionConfigurationPlatforms) = preSolution
		Debug|Any CPU = Debug|Any CPU
		Release|Any CPU = Release|Any CPU
	EndGlobalSection
	GlobalSection(ProjectConfigurationPlatforms) = postSolution
		{F579B2FD-5D79-4049-91A8-6CABFA60DB24}.Debug|Any CPU.ActiveCfg = Debug|Any CPU
		{F579B2FD-5D79-4049-91A8-6CABFA60DB24}.Debug|Any CPU.Build.0 = Debug|Any CPU
		{F579B2FD-5D79-4049-91A8-6CABFA60DB24}.Release|Any CPU.ActiveCfg = Release|Any CPU
		{F579B2FD-5D79-4049-91A8-6CABFA60DB24}.Release|Any CPU.Build.0 = Release|Any CPU
	EndGlobalSection
	GlobalSection(SolutionProperties) = preSolution
		HideSolutionNode = FALSE
	EndGlobalSection
	GlobalSection(ExtensibilityGlobals) = postSolution
		SolutionGuid = {43D3BFAA-18A8-4357-B218-ED81B0ED37B2}
	EndGlobalSection
EndGlobal
