
Microsoft Visual Studio Solution File, Format Version 12.00
# Visual Studio Version 16
VisualStudioVersion = 16.0.31613.86
MinimumVisualStudioVersion = 10.0.40219.1
Project("{FAE04EC0-301F-11D3-BF4B-00C04F79EFBC}") = "htmlParserGS1_ServiceConfig", "htmlParserGS1_ServiceConfig\htmlParserGS1_ServiceConfig.csproj", "{BF7BF9B4-05FA-4C1C-98B3-D254BBBCB8B8}"
EndProject
Global
	GlobalSection(SolutionConfigurationPlatforms) = preSolution
		Debug|Any CPU = Debug|Any CPU
		Release|Any CPU = Release|Any CPU
	EndGlobalSection
	GlobalSection(ProjectConfigurationPlatforms) = postSolution
		{BF7BF9B4-05FA-4C1C-98B3-D254BBBCB8B8}.Debug|Any CPU.ActiveCfg = Debug|Any CPU
		{BF7BF9B4-05FA-4C1C-98B3-D254BBBCB8B8}.Debug|Any CPU.Build.0 = Debug|Any CPU
		{BF7BF9B4-05FA-4C1C-98B3-D254BBBCB8B8}.Release|Any CPU.ActiveCfg = Release|Any CPU
		{BF7BF9B4-05FA-4C1C-98B3-D254BBBCB8B8}.Release|Any CPU.Build.0 = Release|Any CPU
	EndGlobalSection
	GlobalSection(SolutionProperties) = preSolution
		HideSolutionNode = FALSE
	EndGlobalSection
	GlobalSection(ExtensibilityGlobals) = postSolution
		SolutionGuid = {A93CC3D7-50B1-4E76-B875-CCF1FD50BF63}
	EndGlobalSection
EndGlobal
